
Microsoft Visual Studio Solution File, Format Version 12.00
# Visual Studio Version 17
VisualStudioVersion = 17.9.34714.143
MinimumVisualStudioVersion = 10.0.40219.1
Project("{FAE04EC0-301F-11D3-BF4B-00C04F79EFBC}") = "OldAspNetApp", "OldAspNetApp\OldAspNetApp.csproj", "{F4AD0871-51D2-408E-B445-033BC7DBB934}"
EndProject
Project("{FAE04EC0-301F-11D3-BF4B-00C04F79EFBC}") = "BlazorWasmApp", "BlazorWasmApp\BlazorWasmApp.csproj", "{F95B4562-B17D-4D89-BA35-2E083EA16915}"
EndProject
Global
	GlobalSection(SolutionConfigurationPlatforms) = preSolution
		Debug|Any CPU = Debug|Any CPU
		Release|Any CPU = Release|Any CPU
	EndGlobalSection
	GlobalSection(ProjectConfigurationPlatforms) = postSolution
		{F4AD0871-51D2-408E-B445-033BC7DBB934}.Debug|Any CPU.ActiveCfg = Debug|Any CPU
		{F4AD0871-51D2-408E-B445-033BC7DBB934}.Debug|Any CPU.Build.0 = Debug|Any CPU
		{F4AD0871-51D2-408E-B445-033BC7DBB934}.Release|Any CPU.ActiveCfg = Release|Any CPU
		{F4AD0871-51D2-408E-B445-033BC7DBB934}.Release|Any CPU.Build.0 = Release|Any CPU
		{F95B4562-B17D-4D89-BA35-2E083EA16915}.Debug|Any CPU.ActiveCfg = Debug|Any CPU
		{F95B4562-B17D-4D89-BA35-2E083EA16915}.Debug|Any CPU.Build.0 = Debug|Any CPU
		{F95B4562-B17D-4D89-BA35-2E083EA16915}.Release|Any CPU.ActiveCfg = Release|Any CPU
		{F95B4562-B17D-4D89-BA35-2E083EA16915}.Release|Any CPU.Build.0 = Release|Any CPU
	EndGlobalSection
	GlobalSection(SolutionProperties) = preSolution
		HideSolutionNode = FALSE
	EndGlobalSection
	GlobalSection(ExtensibilityGlobals) = postSolution
		SolutionGuid = {2AE4BA50-000E-4C30-A17A-568D6FFA0026}
	EndGlobalSection
EndGlobal
